# This file is automatically @generated by Poetry 2.2.1 and should not be changed by hand.

[[package]]
name = "colorama"
version = "0.4.6"
description = "Cross-platform colored terminal text."
optional = false
python-versions = "!=3.0.*,!=3.1.*,!=3.2.*,!=3.3.*,!=3.4.*,!=3.5.*,!=3.6.*,>=2.7"
groups = ["dev"]
markers = "sys_platform == \"win32\""
files = [
    {file = "colorama-0.4.6-py2.py3-none-any.whl", hash = "sha256:4f1d9991f5acc0ca119f9d443620b77f9d6b33703e51011c16baf57afb285fc6"},
    {file = "colorama-0.4.6.tar.gz", hash = "sha256:08695f5cb7ed6e0531a20572697297273c47b8cae5a63ffc6d6ed5c201be6e44"},
]

[[package]]
name = "hypothesis"
version = "6.156.6"
description = "The property-based testing library for Python"
optional = false
python-versions = ">=3.10"
groups = ["dev"]
files = [
    {file = "hypothesis-6.156.6-cp310-abi3-macosx_10_12_x86_64.whl", hash = "sha256:caf6a93d011c10972da111c38ceb34ced20feaa8581e2b350c0655b022e27875"},
    {file = "hypothesis-6.156.6-cp310-abi3-macosx_11_0_arm64.whl", hash = "sha256:07f2bc9df1aeba80e12029c1618e2ee54abc440068c305d7075ffd6b85251843"},
    {file = "hypothesis-6.156.6-cp310-abi3-manylinux_2_17_aarch64.manylinux2014_aarch64.whl", hash = "sha256:7baca17f4803ad4aa151732326f3990baf54c3127df44aa872ac5bdf8a98a9a6"},
    {file = "hypothesis-6.156.6-cp310-abi3-manylinux_2_17_x86_64.manylinux2014_x86_64.whl", hash = "sha256:8083806645f84243aade727f4978185caaa0b7190af4318673999ee15fdbf424"},
    {file = "hypothesis-6.156.6-cp310-abi3-manylinux_2_5_i686.manylinux1_i686.whl", hash = "sha256:a922eedcd8618f9c2e17b79fa7b3f3f0b2df34e201958611cc3f0f46cca33c10"},
    {file = "hypothesis-6.156.6-cp310-abi3-musllinux_1_2_aarch64.whl", hash = "sha256:5291bd33c4704d274d7c214d5c200e77f372a06644f5cbbe96dcbe53cb2fbf10"},
    {file = "hypothesis-6.156.6-cp310-abi3-musllinux_1_2_x86_64.whl", hash = "sha256:55f3ec50161b4a95bae63bff2b5166e45935b493013d3be30ede279bf6192318"},
    {file = "hypothesis-6.156.6-cp310-abi3-win32.whl", hash = "sha256:e96570ca5cdd9a5f2ff9e80a6fb2fd5420ebf33b833d7de5b09b6ebb26a3eb6c"},
    {file = "hypothesis-6.156.6-cp310-abi3-win_amd64.whl", hash = "sha256:32710718c22fe8c5571464e898bb87d282837b02617d6ad68130abf7cb4843cb"},
    {file = "hypothesis-6.156.6-cp310-cp310-macosx_10_12_x86_64.whl", hash = "sha256:afec0631a7a557acb50f665108b5d1d1123c21bc702d156a740db1cc33be4a7d"},
    {file = "hypothesis-6.156.6-cp310-cp310-macosx_11_0_arm64.whl", hash = "sha256:583a658162ee7e1a82155e3f146932a3a2269030294f3c83f5cf52fcaa0562c3"},
    {file = "hypothesis-6.156.6-cp310-cp310-manylinux_2_17_aarch64.manylinux2014_aarch64.whl", hash = "sha256:f9600277defbfa769d8a6af264cbdff16294682c210c2d058ef39348fec16c0c"},
    {file = "hypothesis-6.156.6-cp310-cp310-manylinux_2_17_x86_64.manylinux2014_x86_64.whl", hash = "sha256:c7c3f067166bfc28b67f0042fc5fdcc87b3b58664da0c2f563fe544448b7ab3b"},
    {file = "hypothesis-6.156.6-cp310-cp310-musllinux_1_2_aarch64.whl", hash = "sha256:f57842c1c5314839bdf4be5cff108589ff435cd7192c035dc48e6f14032915a5"},
    {file = "hypothesis-6.156.6-cp310-cp310-musllinux_1_2_x86_64.whl", hash = "sha256:c4a787c3af0035846034461792f2a62f1c43af850feb970a5b53a629d64b52fb"},
    {file = "hypothesis-6.156.6-cp310-cp310-win_amd64.whl", hash = "sha256:02accb187617ebaebb120da931f799a3cb0df7c38706f97f9d022441d4faf533"},
    {file = "hypothesis-6.156.6-cp311-cp311-macosx_10_12_x86_64.whl", hash = "sha256:5baec7943a14d106e982121dd4f74cfc5ef45e37c17f94fe49338d3d1377f38c"},
    {file = "hypothesis-6.156.6-cp311-cp311-macosx_11_0_arm64.whl", hash = "sha256:b5f519905ddeb10e23b8ba2c254541a5b1a8f146fe0551be94d972f4a77226f4"},
    {file = "hypothesis-6.156.6-cp311-cp311-manylinux_2_17_aarch64.manylinux2014_aarch64.whl", hash = "sha256:4c108655960b58ded3ca71b2dc5c69fb2ba7e9c723aeb6106facec3892d09087"},
    {file = "hypothesis-6.156.6-cp311-cp311-manylinux_2_17_x86_64.manylinux2014_x86_64.whl", hash = "sha256:7c8d37bebb6924729bc0bbf5852689df568842948abe4d93dd0ad3377adf76fa"},
    {file = "hypothesis-6.156.6-cp311-cp311-musllinux_1_2_aarch64.whl", hash = "sha256:74137bef6d502305c3648b2ed1a9bb4bc05fb1025e96b30a2c092204c40fe097"},
    {file = "hypothesis-6.156.6-cp311-cp311-musllinux_1_2_x86_64.whl", hash = "sha256:5e0afdf79cceed20fcf0a9fb80d4064a9b2b53d4d4eecbac0e21208a13f5a31b"},
    {file = "hypothesis-6.156.6-cp311-cp311-win_amd64.whl", hash = "sha256:84dc89caaf741a02f904ca7bd02b1af99650c75552868162290208aeecb70858"},
    {file = "hypothesis-6.156.6-cp312-cp312-macosx_10_12_x86_64.whl", hash = "sha256:a2a728b514fceb81e3f0464508911d5220fd74dadc3270f859427a686b60c4cf"},
    {file = "hypothesis-6.156.6-cp312-cp312-macosx_11_0_arm64.whl", hash = "sha256:7489b9a8f9df8227edd6c7cd8b9ccfab2483bab24da6a474c175973ca2294f58"},
    {file = "hypothesis-6.156.6-cp312-cp312-manylinux_2_17_aarch64.manylinux2014_aarch64.whl", hash = "sha256:42760873d6db1069d6edbaa355a61b9078a9950259efcfc72fc695741d7db7cd"},
    {file = "hypothesis-6.156.6-cp312-cp312-manylinux_2_17_x86_64.manylinux2014_x86_64.whl", hash = "sha256:b4e66aaa7385538a5d617174d47c198ee807f06de99e282a67c6cb724c69340d"},
    {file = "hypothesis-6.156.6-cp312-cp312-musllinux_1_2_aarch64.whl", hash = "sha256:08796b674c0b31a5dd4119b2173823390055921588d13eb77324e861b00fd7f8"},
    {file = "hypothesis-6.156.6-cp312-cp312-musllinux_1_2_x86_64.whl", hash = "sha256:4ca8cc26ea2d31d22cf7710e92951cfaa921f0f8aa1b6db33a5176335f583a4f"},
    {file = "hypothesis-6.156.6-cp312-cp312-win_amd64.whl", hash = "sha256:c3363d3fb8015594636689572510bb6090602d8e8e838a5693c2d52d3b5b09d8"},
    {file = "hypothesis-6.156.6-cp313-cp313-macosx_10_12_x86_64.whl", hash = "sha256:59a8def90d9a5a9b67e1ac529e903a2363ceb6cf873c209da6b4284c5daab671"},
    {file = "hypothesis-6.156.6-cp313-cp313-macosx_11_0_arm64.whl", hash = "sha256:c574c3224563d730848bc5d1ef1683c4f83993400c0167899fe328f4bfcd4725"},
    {file = "hypothesis-6.156.6-cp313-cp313-manylinux_2_17_aarch64.manylinux2014_aarch64.whl", hash = "sha256:01bb8270c46b3ef53b0c2d23ff613ea506d609d06f936d823ea57c58b66b05f7"},
    {file = "hypothesis-6.156.6-cp313-cp313-manylinux_2_17_x86_64.manylinux2014_x86_64.whl", hash = "sha256:d4ea6559c13606e13b645927f2e0906e52b5ac5d99b40d3abaaeb2e8c7ceeb75"},
    {file = "hypothesis-6.156.6-cp313-cp313-musllinux_1_2_aarch64.whl", hash = "sha256:2d47054d0230f0dd9b6868fc030126c7a6c25527144272ff376cc4e9c39f7540"},
    {file = "hypothesis-6.156.6-cp313-cp313-musllinux_1_2_x86_64.whl", hash = "sha256:050c8c0815f88d47dd0875a92698d20d61639b7b721ee043a6d687c7f14ff7d8"},
    {file = "hypothesis-6.156.6-cp313-cp313-win_amd64.whl", hash = "sha256:f0d73edab7b8a0051b3634f2d04d62b7e7282f8f274963b11188ee4957d672ef"},
    {file = "hypothesis-6.156.6-cp314-cp314-macosx_10_12_x86_64.whl", hash = "sha256:34a70a7b8226e34d658072d8fb81d03f97f0a75ceb536329a321b94ce2232fd6"},
    {file = "hypothesis-6.156.6-cp314-cp314-macosx_11_0_arm64.whl", hash = "sha256:f1969646beead7d8cf6a2537d2765af89d73056e2cb218e7fae92b83802250a3"},
    {file = "hypothesis-6.156.6-cp314-cp314-manylinux_2_17_aarch64.manylinux2014_aarch64.whl", hash = "sha256:cbc2ec7b7d905e6b6ec1635f6340bfa52aaab718101c59f052bc012a6b486cd8"},
    {file = "hypothesis-6.156.6-cp314-cp314-manylinux_2_17_x86_64.manylinux2014_x86_64.whl", hash = "sha256:9367ae25dfa6dc1af37904785e43c4f8fe1c4118cafdc2f06514154fbdd90992"},
    {file = "hypothesis-6.156.6-cp314-cp314-musllinux_1_2_aarch64.whl", hash = "sha256:455f09107ec07c78f2a83cb8fc19e23879c9d51cdc831de6f9cb6ec4059cb9af"},
    {file = "hypothesis-6.156.6-cp314-cp314-musllinux_1_2_x86_64.whl", hash = "sha256:c76634c45a3ceee4c4fdfed39aebd08b8b822ec8b0c556877ef82846fd777730"},
    {file = "hypothesis-6.156.6-cp314-cp314-pyemscripten_2026_0_wasm32.whl", hash = "sha256:eb7e9f8343bc6b948937e6ec12e6879ed25a17b53ceccbd2b84adadd3d511698"},
    {file = "hypothesis-6.156.6-cp314-cp314-win_amd64.whl", hash = "sha256:f9631cd604ae6032c3edf99160dc1b9e33873f2e52762246b24f07fb758652ae"},
    {file = "hypothesis-6.156.6-cp314-cp314t-macosx_10_12_x86_64.whl", hash = "sha256:1f81163d36d3763b09ffaef7c3a71e88174ca3e6816201fca9d1d159f448fdb5"},
    {file = "hypothesis-6.156.6-cp314-cp314t-macosx_11_0_arm64.whl", hash = "sha256:556b905767e36147918634a64356aa05d8c956576f00aee01eb351678f193908"},
    {file = "hypothesis-6.156.6-cp314-cp314t-manylinux_2_17_aarch64.manylinux2014_aarch64.whl", hash = "sha256:c3f2604b28d16d696aaaf4954d20f907b27e54034df98e64746a20c74c319f03"},
    {file = "hypothesis-6.156.6-cp314-cp314t-manylinux_2_17_x86_64.manylinux2014_x86_64.whl", hash = "sha256:ffe012ad66dbe7b8e8ddef6f6992ab1b36719ea64430c2bf1ff7135521052a15"},
    {file = "hypothesis-6.156.6-cp314-cp314t-musllinux_1_2_aarch64.whl", hash = "sha256:5bfa3c7b758f7278081c6bfec5f89b43c4eb075c0c9eb095323f7a9eb019b513"},
    {file = "hypothesis-6.156.6-cp314-cp314t-musllinux_1_2_x86_64.whl", hash = "sha256:d0db1f4573800c618773622f03cb6533bb3377430ef938c9476ba10c39d22591"},
    {file = "hypothesis-6.156.6-cp314-cp314t-win_amd64.whl", hash = "sha256:38cd0c4a7b9f809f1e23a4d15adfa9c5d99869b9afc327350a5e563350b78e48"},
    {file = "hypothesis-6.156.6-pp311-pypy311_pp73-macosx_10_12_x86_64.whl", hash = "sha256:8893b4da90e06828846c1b100c3414a7729d047a020d854c0899ae9339df0e70"},
    {file = "hypothesis-6.156.6-pp311-pypy311_pp73-macosx_11_0_arm64.whl", hash = "sha256:b7fc0b7df9b28d028e4cc295b2ac8fbbbc22e090a23382c92fff5e37696be74f"},
    {file = "hypothesis-6.156.6-pp311-pypy311_pp73-manylinux_2_17_aarch64.manylinux2014_aarch64.whl", hash = "sha256:38ed3178526382d392d04ad699ad7a2e53845e521a09d40f1cbbc1e1ff63ba48"},
    {file = "hypothesis-6.156.6-pp311-pypy311_pp73-manylinux_2_17_x86_64.manylinux2014_x86_64.whl", hash = "sha256:5ad94e28aabf4db0d479297d43b8a2a01e7caaa9bdfccfdac7a4a3717e05b993"},
    {file = "hypothesis-6.156.6-pp311-pypy311_pp73-win_amd64.whl", hash = "sha256:983a5cfd955994bffc7eb02976241f7a1f3c2d94dbc3389430c45858fa5c1ae0"},
    {file = "hypothesis-6.156.6.tar.gz", hash = "sha256:96de02faefa3ce079873541da96f42595583bb001e8e4219294ed7d4501cc4cc"},
]

[package.dependencies]
sortedcontainers = ">=2.1.0,<3.0.0"

[package.extras]
all = ["black (>=20.8b0)", "click (>=7.0)", "crosshair-tool (>=0.0.107)", "django (>=5.2)", "dpcontracts (>=0.4)", "hypothesis-crosshair (>=0.0.28)", "lark (>=0.10.1)", "libcst (>=0.3.16)", "numpy (>=1.21.6)", "pandas (>=1.1)", "pytest (>=4.6)", "python-dateutil (>=1.4)", "pytz (>=2014.1)", "redis (>=3.0.0)", "rich (>=9.0.0)", "tzdata (>=2026.2) ; sys_platform == \"emscripten\" or sys_platform == \"win32\"", "watchdog (>=4.0.0)"]
cli = ["black (>=20.8b0)", "click (>=7.0)", "rich (>=9.0.0)"]
codemods = ["libcst (>=0.3.16)"]
crosshair = ["crosshair-tool (>=0.0.107)", "hypothesis-crosshair (>=0.0.28)"]
dateutil = ["python-dateutil (>=1.4)"]
django = ["django (>=5.2)"]
dpcontracts = ["dpcontracts (>=0.4)"]
ghostwriter = ["black (>=20.8b0)"]
lark = ["lark (>=0.10.1)"]
numpy = ["numpy (>=1.21.6)"]
pandas = ["pandas (>=1.1)"]
pytest = ["pytest (>=4.6)"]
pytz = ["pytz (>=2014.1)"]
redis = ["redis (>=3.0.0)"]
watchdog = ["watchdog (>=4.0.0)"]
zoneinfo = ["tzdata (>=2026.2) ; sys_platform == \"emscripten\" or sys_platform == \"win32\""]

[[package]]
name = "iniconfig"
version = "2.3.0"
description = "brain-dead simple config-ini parsing"
optional = false
python-versions = ">=3.10"
groups = ["dev"]
files = [
    {file = "iniconfig-2.3.0-py3-none-any.whl", hash = "sha256:f631c04d2c48c52b84d0d0549c99ff3859c98df65b3101406327ecc7d53fbf12"},
    {file = "iniconfig-2.3.0.tar.gz", hash = "sha256:c76315c77db068650d49c5b56314774a7804df16fee4402c1f19d6d15d8c4730"},
]

[[package]]
name = "packaging"
version = "26.2"
description = "Core utilities for Python packages"
optional = false
python-versions = ">=3.8"
groups = ["dev"]
files = [
    {file = "packaging-26.2-py3-none-any.whl", hash = "sha256:5fc45236b9446107ff2415ce77c807cee2862cb6fac22b8a73826d0693b0980e"},
    {file = "packaging-26.2.tar.gz", hash = "sha256:ff452ff5a3e828ce110190feff1178bb1f2ea2281fa2075aadb987c2fb221661"},
]

[[package]]
name = "pluggy"
version = "1.6.0"
description = "plugin and hook calling mechanisms for python"
optional = false
python-versions = ">=3.9"
groups = ["dev"]
files = [
    {file = "pluggy-1.6.0-py3-none-any.whl", hash = "sha256:e920276dd6813095e9377c0bc5566d94c932c33b27a3e3945d8389c374dd4746"},
    {file = "pluggy-1.6.0.tar.gz", hash = "sha256:7dcc130b76258d33b90f61b658791dede3486c3e6bfb003ee5c9bfb396dd22f3"},
]

[package.extras]
dev = ["pre-commit", "tox"]
testing = ["coverage", "pytest", "pytest-benchmark"]

[[package]]
name = "pygments"
version = "2.20.0"
description = "Pygments is a syntax highlighting package written in Python."
optional = false
python-versions = ">=3.9"
groups = ["dev"]
files = [
    {file = "pygments-2.20.0-py3-none-any.whl", hash = "sha256:81a9e26dd42fd28a23a2d169d86d7ac03b46e2f8b59ed4698fb4785f946d0176"},
    {file = "pygments-2.20.0.tar.gz", hash = "sha256:6757cd03768053ff99f3039c1a36d6c0aa0b263438fcab17520b30a303a82b5f"},
]

[package.extras]
windows-terminal = ["colorama (>=0.4.6)"]

[[package]]
name = "pytest"
version = "9.1.1"
description = "pytest: simple powerful testing with Python"
optional = false
python-versions = ">=3.10"
groups = ["dev"]
files = [
    {file = "pytest-9.1.1-py3-none-any.whl", hash = "sha256:37a86b45efb9a47a61a36449063e8e18d0cab3161329fc099eb21783169c4f0c"},
    {file = "pytest-9.1.1.tar.gz", hash = "sha256:1088fbde8f2b49d95a549a195707afa7a76a3ce9bcadc26b6d71f0ffda5fe313"},
]

[package.dependencies]
colorama = {version = ">=0.4", markers = "sys_platform == \"win32\""}
iniconfig = ">=1.0.1"
packaging = ">=22"
pluggy = ">=1.5,<2"
pygments = ">=2.7.2"

[package.extras]
dev = ["argcomplete", "attrs (>=19.2)", "hypothesis (>=3.56)", "mock", "requests", "setuptools", "xmlschema"]

[[package]]
name = "ruff"
version = "0.15.21"
description = "An extremely fast Python linter and code formatter, written in Rust."
optional = false
python-versions = ">=3.7"
groups = ["dev"]
files = [
    {file = "ruff-0.15.21-py3-none-linux_armv6l.whl", hash = "sha256:63ea0e965e5d73c90e95b2434beeafc70820536717f561b32ab6e777cb9bdf5d"},
    {file = "ruff-0.15.21-py3-none-macosx_10_12_x86_64.whl", hash = "sha256:0f212c5d7d54c01bbfe6dcab02b724a39300f3e34ed7acbe995ccb320a2c58bd"},
    {file = "ruff-0.15.21-py3-none-macosx_11_0_arm64.whl", hash = "sha256:e6312e41bc96791299614995ea3a977c5857c3b5662b1ecef6755b02b87cb646"},
    {file = "ruff-0.15.21-py3-none-manylinux_2_17_aarch64.manylinux2014_aarch64.whl", hash = "sha256:01d65b4831c6b2a4ba8ee6faa84049d44d982b7a706e622c4094c509e51673be"},
    {file = "ruff-0.15.21-py3-none-manylinux_2_17_armv7l.manylinux2014_armv7l.whl", hash = "sha256:2c5a913a589120ce67933d5d05fd6ddbcc2481c6a054980ee767f7414c72b4fd"},
    {file = "ruff-0.15.21-py3-none-manylinux_2_17_i686.manylinux2014_i686.whl", hash = "sha256:5ef04b681d02ad4dc9620f00f83ac5c22f652d0e9a9cfe431d219b16ad5ccc41"},
    {file = "ruff-0.15.21-py3-none-manylinux_2_17_ppc64le.manylinux2014_ppc64le.whl", hash = "sha256:16d090c0740916594157e75b80d666eab8e78083b39b3b0e1d698f4670a17b86"},
    {file = "ruff-0.15.21-py3-none-manylinux_2_17_s390x.manylinux2014_s390x.whl", hash = "sha256:3a10e74757dd65004d779b73e2f3c5210156d9980b41224d50d2ebcf1db51e67"},
    {file = "ruff-0.15.21-py3-none-manylinux_2_17_x86_64.manylinux2014_x86_64.whl", hash = "sha256:bab0905d2f29e0d9fbc3c373ed23db0095edaa3f71f1f4f519ec15134d9e85c8"},
    {file = "ruff-0.15.21-py3-none-manylinux_2_31_riscv64.whl", hash = "sha256:00eca240af5789fec6fe7df74c088cc1f9644ed83027113468efba7c92b94075"},
    {file = "ruff-0.15.21-py3-none-musllinux_1_2_aarch64.whl", hash = "sha256:262ab31557a75141325e32d3357f3597645a7f084e732b6b054dde428ecd9341"},
    {file = "ruff-0.15.21-py3-none-musllinux_1_2_armv7l.whl", hash = "sha256:659c4e7a4212f83306045ec7c5e5a356d16d9a6ef4ae0c7a4d872914fc655d9d"},
    {file = "ruff-0.15.21-py3-none-musllinux_1_2_i686.whl", hash = "sha256:9e866eab611a5f959d36df2d10e446973a3610bc42b0c15b31dc27977d59c233"},
    {file = "ruff-0.15.21-py3-none-musllinux_1_2_x86_64.whl", hash = "sha256:e89bc93c0d3803ba870b55c29671bad9dc6d94bb1eb181b056b52eb05b52854f"},
    {file = "ruff-0.15.21-py3-none-win32.whl", hash = "sha256:01f8d5be84823c172b389e123174f781f9daf86d6c58719d603f941932195cdd"},
    {file = "ruff-0.15.21-py3-none-win_amd64.whl", hash = "sha256:d4b8d9a2f0f12b816b50447f6eccb9f4bb01a6b82c86b50fb3b5354b458dc6d3"},
    {file = "ruff-0.15.21-py3-none-win_arm64.whl", hash = "sha256:6e83115d4b9377c1cbc13abf0e051f069fab0ef815ea0504a8a008cee24dd0a8"},
    {file = "ruff-0.15.21.tar.gz", hash = "sha256:d0cfc841c572283c36548f82664a54ce6565567f1b0d5b4cf2caac693d8b7500"},
]

[[package]]
name = "sortedcontainers"
version = "2.4.0"
description = "Sorted Containers -- Sorted List, Sorted Dict, Sorted Set"
optional = false
python-versions = "*"
groups = ["dev"]
files = [
    {file = "sortedcontainers-2.4.0-py2.py3-none-any.whl", hash = "sha256:a163dcaede0f1c021485e957a39245190e74249897e2ae4b2aa38595db237ee0"},
    {file = "sortedcontainers-2.4.0.tar.gz", hash = "sha256:25caa5a06cc30b6b83d11423433f65d1f9d76c4c6a0c90e3379eaa43b9bfdb88"},
]

[metadata]
lock-version = "2.1"
python-versions = ">=3.11,<3.13"
content-hash = "4046459702253183ad2577428e1f646a198c810f5cfaa7f7b83a71f39aa9287a"
